<?xml version="1.0" encoding="utf-8"?>
<Project ToolsVersion="4.0" xmlns="http://schemas.microsoft.com/developer/msbuild/2003">
  <ItemGroup>
    <Filter Include="Fichiers sources">
      <UniqueIdentifier>{4FC737F1-C7A5-4376-A066-2A32D752A2FF}</UniqueIdentifier>
      <Extensions>cpp;c;cc;cxx;c++;cppm;ixx;def;odl;idl;hpj;bat;asm;asmx</Extensions>
    </Filter>
    <Filter Include="Fichiers d%27en-tête">
      <UniqueIdentifier>{93995380-89BD-4b04-88EB-625FBE52EBFB}</UniqueIdentifier>
      <Extensions>h;hh;hpp;hxx;h++;hm;inl;inc;ipp;xsd</Extensions>
    </Filter>
    <Filter Include="Fichiers de ressources">
      <UniqueIdentifier>{67DA6AB6-F800-4c08-8B7A-83BB121AAD01}</UniqueIdentifier>
      <Extensions>rc;ico;cur;bmp;dlg;rc2;rct;bin;rgs;gif;jpg;jpeg;jpe;resx;tiff;tif;png;wav;mfcribbon-ms</Extensions>
    </Filter>
    <Filter Include="Fichiers sources\Managers">
      <UniqueIdentifier>{f6cfdd06-3aea-4a39-81b7-40236138d8f2}</UniqueIdentifier>
    </Filter>
    <Filter Include="Fichiers sources\Managers\Entity">
      <UniqueIdentifier>{2bc2bc3c-23f3-4b6b-bec4-dcc78a0901b7}</UniqueIdentifier>
    </Filter>
    <Filter Include="Fichiers sources\Managers\Interface">
      <UniqueIdentifier>{edc9575e-5b47-435e-bfee-60a5df19b8b7}</UniqueIdentifier>
    </Filter>
    <Filter Include="Fichiers sources\Component">
      <UniqueIdentifier>{2dba76b8-78b6-471c-9af2-21b395ae49bf}</UniqueIdentifier>
    </Filter>
    <Filter Include="Fichiers sources\Managers\Texture">
      <UniqueIdentifier>{c8da526f-496c-4951-a4ba-192a16de49f6}</UniqueIdentifier>
    </Filter>
    <Filter Include="Fichiers sources\Entities">
      <UniqueIdentifier>{9425b296-01cc-4476-beea-c9e134c315b8}</UniqueIdentifier>
    </Filter>
    <Filter Include="Fichiers sources\Game">
      <UniqueIdentifier>{8a58c35e-ce4a-4182-89a0-d15f34539420}</UniqueIdentifier>
    </Filter>
  </ItemGroup>
  <ItemGroup>
    <ClCompile Include="Main.cpp">
      <Filter>Fichiers sources</Filter>
    </ClCompile>
    <ClCompile Include="EntityManager.cpp">
      <Filter>Fichiers sources\Managers\Entity</Filter>
    </ClCompile>
    <ClCompile Include="IManagable.h">
      <Filter>Fichiers sources\Managers\Interface</Filter>
    </ClCompile>
    <ClCompile Include="CollisionComponent.cpp">
      <Filter>Fichiers sources\Component</Filter>
    </ClCompile>
    <ClCompile Include="TextureData.cpp">
      <Filter>Fichiers sources\Managers\Texture</Filter>
    </ClCompile>
    <ClCompile Include="TextureManager.cpp">
      <Filter>Fichiers sources\Managers\Texture</Filter>
    </ClCompile>
    <ClCompile Include="Entity.cpp">
      <Filter>Fichiers sources\Entities</Filter>
    </ClCompile>
    <ClCompile Include="Game.cpp">
      <Filter>Fichiers sources\Game</Filter>
    </ClCompile>
  </ItemGroup>
  <ItemGroup>
    <ClInclude Include="Singleton.h">
      <Filter>Fichiers sources\Managers</Filter>
    </ClInclude>
    <ClInclude Include="EntityManager.h">
      <Filter>Fichiers sources\Managers\Entity</Filter>
    </ClInclude>
    <ClInclude Include="EntityType.h">
      <Filter>Fichiers sources\Managers\Entity</Filter>
    </ClInclude>
    <ClInclude Include="IManager.h">
      <Filter>Fichiers sources\Managers\Interface</Filter>
    </ClInclude>
    <ClInclude Include="CollisionComponent.h">
      <Filter>Fichiers sources\Component</Filter>
    </ClInclude>
    <ClInclude Include="TextureData.h">
      <Filter>Fichiers sources\Managers\Texture</Filter>
    </ClInclude>
    <ClInclude Include="TextureManager.h">
      <Filter>Fichiers sources\Managers\Texture</Filter>
    </ClInclude>
    <ClInclude Include="Entity.h">
      <Filter>Fichiers sources\Entities</Filter>
    </ClInclude>
    <ClInclude Include="Game.h">
      <Filter>Fichiers sources\Game</Filter>
    </ClInclude>
  </ItemGroup>
</Project>